// !$*UTF8*$!
{
	archiveVersion = 1;
	classes = {
	};
	objectVersion = 56;
	objects = {

/* Begin PBXBuildFile section */
		2C7F70C329EFE1850006D114 /* AppDelegate.swift in Sources */ = {isa = PBXBuildFile; fileRef = 2C7F70C229EFE1850006D114 /* AppDelegate.swift */; };
		2C7F70C529EFE1850006D114 /* SceneDelegate.swift in Sources */ = {isa = PBXBuildFile; fileRef = 2C7F70C429EFE1850006D114 /* SceneDelegate.swift */; };
		2C7F70C729EFE1850006D114 /* ViewController.swift in Sources */ = {isa = PBXBuildFile; fileRef = 2C7F70C629EFE1850006D114 /* ViewController.swift */; };
		2C7F70CA29EFE1850006D114 /* Main.storyboard in Resources */ = {isa = PBXBuildFile; fileRef = 2C7F70C829EFE1850006D114 /* Main.storyboard */; };
		2C7F70CC29EFE1860006D114 /* Assets.xcassets in Resources */ = {isa = PBXBuildFile; fileRef = 2C7F70CB29EFE1860006D114 /* Assets.xcassets */; };
		2C7F70CF29EFE1860006D114 /* LaunchScreen.storyboard in Resources */ = {isa = PBXBuildFile; fileRef = 2C7F70CD29EFE1860006D114 /* LaunchScreen.storyboard */; };
/* End PBXBuildFile section */

/* Begin PBXFileReference section */
		2C7F70BF29EFE1850006D114 /* Clean Architecture.app */ = {isa = PBXFileReference; explicitFileType = wrapper.application; includeInIndex = 0; path = "Clean Architecture.app"; sourceTree = BUILT_PRODUCTS_DIR; };
		2C7F70C229EFE1850006D114 /* AppDelegate.swift */ = {isa = PBXFileReference; lastKnownFileType = sourcecode.swift; path = AppDelegate.swift; sourceTree = "<group>"; };
		2C7F70C429EFE1850006D114 /* SceneDelegate.swift */ = {isa = PBXFileReference; lastKnownFileType = sourcecode.swift; path = SceneDelegate.swift; sourceTree = "<group>"; };
		2C7F70C629EFE1850006D114 /* ViewController.swift */ = {isa = PBXFileReference; lastKnownFileType = sourcecode.swift; path = ViewController.swift; sourceTree = "<group>"; };
		2C7F70C929EFE1850006D114 /* Base */ = {isa = PBXFileReference; lastKnownFileType = file.storyboard; name = Base; path = Base.lproj/Main.storyboard; sourceTree = "<group>"; };
		2C7F70CB29EFE1860006D114 /* Assets.xcassets */ = {isa = PBXFileReference; lastKnownFileType = folder.assetcatalog; path = Assets.xcassets; sourceTree = "<group>"; };
		2C7F70CE29EFE1860006D114 /* Base */ = {isa = PBXFileReference; lastKnownFileType = file.storyboard; name = Base; path = Base.lproj/LaunchScreen.storyboard; sourceTree = "<group>"; };
		2C7F70D029EFE1860006D114 /* Info.plist */ = {isa = PBXFileReference; lastKnownFileType = text.plist.xml; path = Info.plist; sourceTree = "<group>"; };
/* End PBXFileReference section */

/* Begin PBXFrameworksBuildPhase section */
		2C7F70BC29EFE1850006D114 /* Frameworks */ = {
			isa = PBXFrameworksBuildPhase;
			buildActionMask = 2147483647;
			files = (
			);
			runOnlyForDeploymentPostprocessing = 0;
		};
/* End PBXFrameworksBuildPhase section */

/* Begin PBXGroup section */
		2C7F70B629EFE1850006D114 = {
			isa = PBXGroup;
			children = (
				2C7F70C129EFE1850006D114 /* Clean Architecture */,
				2C7F70C029EFE1850006D114 /* Products */,
			);
			sourceTree = "<group>";
		};
		2C7F70C029EFE1850006D114 /* Products */ = {
			isa = PBXGroup;
			children = (
				2C7F70BF29EFE1850006D114 /* Clean Architecture.app */,
			);
			name = Products;
			sourceTree = "<group>";
		};
		2C7F70C129EFE1850006D114 /* Clean Architecture */ = {
			isa = PBXGroup;
			children = (
				2C7F70D629EFE4260006D114 /* 목차 */,
				2C7F70C229EFE1850006D114 /* AppDelegate.swift */,
				2C7F70C429EFE1850006D114 /* SceneDelegate.swift */,
				2C7F70C629EFE1850006D114 /* ViewController.swift */,
				2C7F70C829EFE1850006D114 /* Main.storyboard */,
				2C7F70CB29EFE1860006D114 /* Assets.xcassets */,
				2C7F70CD29EFE1860006D114 /* LaunchScreen.storyboard */,
				2C7F70D029EFE1860006D114 /* Info.plist */,
			);
			path = "Clean Architecture";
			sourceTree = "<group>";
		};
		2C7F70D629EFE4260006D114 /* 목차 */ = {
			isa = PBXGroup;
			children = (
				2C7F70E929EFE4260006D114 /* 1. 설계와 아키텍처란? */,
				2C7F70E529EFE4260006D114 /* 2. 두 가지 가치에 대한 이야기 */,
				2C7F70DC29EFE4260006D114 /* 3. 패러다임 개요 */,
				2C7F70E429EFE4260006D114 /* 4. 구조적 프로그래밍 */,
				2C7F70E629EFE4260006D114 /* 5. 객체 지향 프로그래밍 */,
				2C7F70DF29EFE4260006D114 /* 6. 함수형 프로그래밍 */,
				2C7F70E329EFE4260006D114 /* 7. SRP 단일 책임 원칙 */,
				2C7F70EB29EFE4260006D114 /* 8. OCP 개방 폐쇄 원칙 */,
				2C7F70E829EFE4260006D114 /* 9. LSP 리스코프 치환 원칙 */,
				2C7F70F029EFE4260006D114 /* 10. ISP 인터페이스 분리 원칙 */,
				2C7F70E129EFE4260006D114 /* 11. DIP 의존성 역전 원칙 */,
				2C7F70EC29EFE4260006D114 /* 12. 컴포넌트 */,
				2C7F70D929EFE4260006D114 /* 13. 컴포넌트 응집도 */,
				2C7F70F329EFE4260006D114 /* 14. 컴포넌트 결합 */,
				2C7F70EF29EFE4260006D114 /* 15. 아키텍처란? */,
				2C7F70F129EFE4260006D114 /* 16. 독립성 */,
				2C7F70DB29EFE4260006D114 /* 17. 경계 선긋기 */,
				2C7F70E029EFE4260006D114 /* 18. 경계 해부학 */,
				2C7F70F529EFE4260006D114 /* 19. 정책과 수준 */,
				2C7F70DA29EFE4260006D114 /* 20. 업무규칙 */,
				2C7F70F629EFE4260006D114 /* 21. 소리치는 아키텍처 */,
				2C7F70F229EFE4260006D114 /* 22. 클린 아키텍처 */,
				2C7F70EA29EFE4260006D114 /* 23. 프레젠터와 험블 객체 */,
				2C7F70EE29EFE4260006D114 /* 24. 부분적 경계 */,
				2C7F70E229EFE4260006D114 /* 25. 계층과 경계 */,
				2C7F70D829EFE4260006D114 /* 26. 메인 컴포넌트 */,
				2C7F70DD29EFE4260006D114 /* 27. 크고 작은 모든 서비스들 */,
				2C7F70E729EFE4260006D114 /* 28. 테스트 경계 */,
				2C7F70D729EFE4260006D114 /* 29. 클린 임베디드 아키텍처 */,
				2C7F70F429EFE4260006D114 /* 30. DB는 세부사항이다 */,
				2C7F70DE29EFE4260006D114 /* 31. 웹은 세부사항이다 */,
				2C7F70ED29EFE4260006D114 /* 32. 프레임워크는 세부사항이다. */,
			);
			path = "목차";
			sourceTree = "<group>";
		};
		2C7F70D729EFE4260006D114 /* 29. 클린 임베디드 아키텍처 */ = {
			isa = PBXGroup;
			children = (
			);
			path = "29. 클린 임베디드 아키텍처";
			sourceTree = "<group>";
		};
		2C7F70D829EFE4260006D114 /* 26. 메인 컴포넌트 */ = {
			isa = PBXGroup;
			children = (
			);
			path = "26. 메인 컴포넌트";
			sourceTree = "<group>";
		};
		2C7F70D929EFE4260006D114 /* 13. 컴포넌트 응집도 */ = {
			isa = PBXGroup;
			children = (
			);
			path = "13. 컴포넌트 응집도";
			sourceTree = "<group>";
		};
		2C7F70DA29EFE4260006D114 /* 20. 업무규칙 */ = {
			isa = PBXGroup;
			children = (
			);
			path = "20. 업무규칙";
			sourceTree = "<group>";
		};
		2C7F70DB29EFE4260006D114 /* 17. 경계 선긋기 */ = {
			isa = PBXGroup;
			children = (
			);
			path = "17. 경계 선긋기";
			sourceTree = "<group>";
		};
		2C7F70DC29EFE4260006D114 /* 3. 패러다임 개요 */ = {
			isa = PBXGroup;
			children = (
			);
			path = "3. 패러다임 개요";
			sourceTree = "<group>";
		};
		2C7F70DD29EFE4260006D114 /* 27. 크고 작은 모든 서비스들 */ = {
			isa = PBXGroup;
			children = (
			);
			path = "27. 크고 작은 모든 서비스들";
			sourceTree = "<group>";
		};
		2C7F70DE29EFE4260006D114 /* 31. 웹은 세부사항이다 */ = {
			isa = PBXGroup;
			children = (
			);
			path = "31. 웹은 세부사항이다";
			sourceTree = "<group>";
		};
		2C7F70DF29EFE4260006D114 /* 6. 함수형 프로그래밍 */ = {
			isa = PBXGroup;
			children = (
			);
			path = "6. 함수형 프로그래밍";
			sourceTree = "<group>";
		};
		2C7F70E029EFE4260006D114 /* 18. 경계 해부학 */ = {
			isa = PBXGroup;
			children = (
			);
			path = "18. 경계 해부학";
			sourceTree = "<group>";
		};
		2C7F70E129EFE4260006D114 /* 11. DIP 의존성 역전 원칙 */ = {
			isa = PBXGroup;
			children = (
			);
			path = "11. DIP 의존성 역전 원칙";
			sourceTree = "<group>";
		};
		2C7F70E229EFE4260006D114 /* 25. 계층과 경계 */ = {
			isa = PBXGroup;
			children = (
			);
			path = "25. 계층과 경계";
			sourceTree = "<group>";
		};
		2C7F70E329EFE4260006D114 /* 7. SRP 단일 책임 원칙 */ = {
			isa = PBXGroup;
			children = (
			);
			path = "7. SRP 단일 책임 원칙";
			sourceTree = "<group>";
		};
		2C7F70E429EFE4260006D114 /* 4. 구조적 프로그래밍 */ = {
			isa = PBXGroup;
			children = (
			);
			path = "4. 구조적 프로그래밍";
			sourceTree = "<group>";
		};
		2C7F70E529EFE4260006D114 /* 2. 두 가지 가치에 대한 이야기 */ = {
			isa = PBXGroup;
			children = (
			);
			path = "2. 두 가지 가치에 대한 이야기";
			sourceTree = "<group>";
		};
		2C7F70E629EFE4260006D114 /* 5. 객체 지향 프로그래밍 */ = {
			isa = PBXGroup;
			children = (
			);
			path = "5. 객체 지향 프로그래밍";
			sourceTree = "<group>";
		};
		2C7F70E729EFE4260006D114 /* 28. 테스트 경계 */ = {
			isa = PBXGroup;
			children = (
			);
			path = "28. 테스트 경계";
			sourceTree = "<group>";
		};
		2C7F70E829EFE4260006D114 /* 9. LSP 리스코프 치환 원칙 */ = {
			isa = PBXGroup;
			children = (
			);
			path = "9. LSP 리스코프 치환 원칙";
			sourceTree = "<group>";
		};
		2C7F70E929EFE4260006D114 /* 1. 설계와 아키텍처란? */ = {
			isa = PBXGroup;
			children = (
			);
			path = "1. 설계와 아키텍처란?";
			sourceTree = "<group>";
		};
		2C7F70EA29EFE4260006D114 /* 23. 프레젠터와 험블 객체 */ = {
			isa = PBXGroup;
			children = (
			);
			path = "23. 프레젠터와 험블 객체";
			sourceTree = "<group>";
		};
		2C7F70EB29EFE4260006D114 /* 8. OCP 개방 폐쇄 원칙 */ = {
			isa = PBXGroup;
			children = (
			);
			path = "8. OCP 개방 폐쇄 원칙";
			sourceTree = "<group>";
		};
		2C7F70EC29EFE4260006D114 /* 12. 컴포넌트 */ = {
			isa = PBXGroup;
			children = (
			);
			path = "12. 컴포넌트";
			sourceTree = "<group>";
		};
		2C7F70ED29EFE4260006D114 /* 32. 프레임워크는 세부사항이다. */ = {
			isa = PBXGroup;
			children = (
			);
			path = "32. 프레임워크는 세부사항이다.";
			sourceTree = "<group>";
		};
		2C7F70EE29EFE4260006D114 /* 24. 부분적 경계 */ = {
			isa = PBXGroup;
			children = (
			);
			path = "24. 부분적 경계";
			sourceTree = "<group>";
		};
		2C7F70EF29EFE4260006D114 /* 15. 아키텍처란? */ = {
			isa = PBXGroup;
			children = (
			);
			path = "15. 아키텍처란?";
			sourceTree = "<group>";
		};
		2C7F70F029EFE4260006D114 /* 10. ISP 인터페이스 분리 원칙 */ = {
			isa = PBXGroup;
			children = (
			);
			path = "10. ISP 인터페이스 분리 원칙";
			sourceTree = "<group>";
		};
		2C7F70F129EFE4260006D114 /* 16. 독립성 */ = {
			isa = PBXGroup;
			children = (
			);
			path = "16. 독립성";
			sourceTree = "<group>";
		};
		2C7F70F229EFE4260006D114 /* 22. 클린 아키텍처 */ = {
			isa = PBXGroup;
			children = (
			);
			path = "22. 클린 아키텍처";
			sourceTree = "<group>";
		};
		2C7F70F329EFE4260006D114 /* 14. 컴포넌트 결합 */ = {
			isa = PBXGroup;
			children = (
			);
			path = "14. 컴포넌트 결합";
			sourceTree = "<group>";
		};
		2C7F70F429EFE4260006D114 /* 30. DB는 세부사항이다 */ = {
			isa = PBXGroup;
			children = (
			);
			path = "30. DB는 세부사항이다";
			sourceTree = "<group>";
		};
		2C7F70F529EFE4260006D114 /* 19. 정책과 수준 */ = {
			isa = PBXGroup;
			children = (
			);
			path = "19. 정책과 수준";
			sourceTree = "<group>";
		};
		2C7F70F629EFE4260006D114 /* 21. 소리치는 아키텍처 */ = {
			isa = PBXGroup;
			children = (
			);
			path = "21. 소리치는 아키텍처";
			sourceTree = "<group>";
		};
/* End PBXGroup section */

/* Begin PBXNativeTarget section */
		2C7F70BE29EFE1850006D114 /* Clean Architecture */ = {
			isa = PBXNativeTarget;
			buildConfigurationList = 2C7F70D329EFE1860006D114 /* Build configuration list for PBXNativeTarget "Clean Architecture" */;
			buildPhases = (
				2C7F70BB29EFE1850006D114 /* Sources */,
				2C7F70BC29EFE1850006D114 /* Frameworks */,
				2C7F70BD29EFE1850006D114 /* Resources */,
			);
			buildRules = (
			);
			dependencies = (
			);
			name = "Clean Architecture";
			productName = "Clean Architecture";
			productReference = 2C7F70BF29EFE1850006D114 /* Clean Architecture.app */;
			productType = "com.apple.product-type.application";
		};
/* End PBXNativeTarget section */

/* Begin PBXProject section */
		2C7F70B729EFE1850006D114 /* Project object */ = {
			isa = PBXProject;
			attributes = {
				BuildIndependentTargetsInParallel = 1;
				LastSwiftUpdateCheck = 1430;
				LastUpgradeCheck = 1430;
				TargetAttributes = {
					2C7F70BE29EFE1850006D114 = {
						CreatedOnToolsVersion = 14.3;
					};
				};
			};
			buildConfigurationList = 2C7F70BA29EFE1850006D114 /* Build configuration list for PBXProject "Clean Architecture" */;
			compatibilityVersion = "Xcode 14.0";
			developmentRegion = en;
			hasScannedForEncodings = 0;
			knownRegions = (
				en,
				Base,
			);
			mainGroup = 2C7F70B629EFE1850006D114;
			productRefGroup = 2C7F70C029EFE1850006D114 /* Products */;
			projectDirPath = "";
			projectRoot = "";
			targets = (
				2C7F70BE29EFE1850006D114 /* Clean Architecture */,
			);
		};
/* End PBXProject section */

/* Begin PBXResourcesBuildPhase section */
		2C7F70BD29EFE1850006D114 /* Resources */ = {
			isa = PBXResourcesBuildPhase;
			buildActionMask = 2147483647;
			files = (
				2C7F70CF29EFE1860006D114 /* LaunchScreen.storyboard in Resources */,
				2C7F70CC29EFE1860006D114 /* Assets.xcassets in Resources */,
				2C7F70CA29EFE1850006D114 /* Main.storyboard in Resources */,
			);
			runOnlyForDeploymentPostprocessing = 0;
		};
/* End PBXResourcesBuildPhase section */

/* Begin PBXSourcesBuildPhase section */
		2C7F70BB29EFE1850006D114 /* Sources */ = {
			isa = PBXSourcesBuildPhase;
			buildActionMask = 2147483647;
			files = (
				2C7F70C729EFE1850006D114 /* ViewController.swift in Sources */,
				2C7F70C329EFE1850006D114 /* AppDelegate.swift in Sources */,
				2C7F70C529EFE1850006D114 /* SceneDelegate.swift in Sources */,
			);
			runOnlyForDeploymentPostprocessing = 0;
		};
/* End PBXSourcesBuildPhase section */

/* Begin PBXVariantGroup section */
		2C7F70C829EFE1850006D114 /* Main.storyboard */ = {
			isa = PBXVariantGroup;
			children = (
				2C7F70C929EFE1850006D114 /* Base */,
			);
			name = Main.storyboard;
			sourceTree = "<group>";
		};
		2C7F70CD29EFE1860006D114 /* LaunchScreen.storyboard */ = {
			isa = PBXVariantGroup;
			children = (
				2C7F70CE29EFE1860006D114 /* Base */,
			);
			name = LaunchScreen.storyboard;
			sourceTree = "<group>";
		};
/* End PBXVariantGroup section */

/* Begin XCBuildConfiguration section */
		2C7F70D129EFE1860006D114 /* Debug */ = {
			isa = XCBuildConfiguration;
			buildSettings = {
				ALWAYS_SEARCH_USER_PATHS = NO;
				CLANG_ANALYZER_NONNULL = YES;
				CLANG_ANALYZER_NUMBER_OBJECT_CONVERSION = YES_AGGRESSIVE;
				CLANG_CXX_LANGUAGE_STANDARD = "gnu++20";
				CLANG_ENABLE_MODULES = YES;
				CLANG_ENABLE_OBJC_ARC = YES;
				CLANG_ENABLE_OBJC_WEAK = YES;
				CLANG_WARN_BLOCK_CAPTURE_AUTORELEASING = YES;
				CLANG_WARN_BOOL_CONVERSION = YES;
				CLANG_WARN_COMMA = YES;
				CLANG_WARN_CONSTANT_CONVERSION = YES;
				CLANG_WARN_DEPRECATED_OBJC_IMPLEMENTATIONS = YES;
				CLANG_WARN_DIRECT_OBJC_ISA_USAGE = YES_ERROR;
				CLANG_WARN_DOCUMENTATION_COMMENTS = YES;
				CLANG_WARN_EMPTY_BODY = YES;
				CLANG_WARN_ENUM_CONVERSION = YES;
				CLANG_WARN_INFINITE_RECURSION = YES;
				CLANG_WARN_INT_CONVERSION = YES;
				CLANG_WARN_NON_LITERAL_NULL_CONVERSION = YES;
				CLANG_WARN_OBJC_IMPLICIT_RETAIN_SELF = YES;
				CLANG_WARN_OBJC_LITERAL_CONVERSION = YES;
				CLANG_WARN_OBJC_ROOT_CLASS = YES_ERROR;
				CLANG_WARN_QUOTED_INCLUDE_IN_FRAMEWORK_HEADER = YES;
				CLANG_WARN_RANGE_LOOP_ANALYSIS = YES;
				CLANG_WARN_STRICT_PROTOTYPES = YES;
				CLANG_WARN_SUSPICIOUS_MOVE = YES;
				CLANG_WARN_UNGUARDED_AVAILABILITY = YES_AGGRESSIVE;
				CLANG_WARN_UNREACHABLE_CODE = YES;
				CLANG_WARN__DUPLICATE_METHOD_MATCH = YES;
				COPY_PHASE_STRIP = NO;
				DEBUG_INFORMATION_FORMAT = dwarf;
				ENABLE_STRICT_OBJC_MSGSEND = YES;
				ENABLE_TESTABILITY = YES;
				GCC_C_LANGUAGE_STANDARD = gnu11;
				GCC_DYNAMIC_NO_PIC = NO;
				GCC_NO_COMMON_BLOCKS = YES;
				GCC_OPTIMIZATION_LEVEL = 0;
				GCC_PREPROCESSOR_DEFINITIONS = (
					"DEBUG=1",
					"$(inherited)",
				);
				GCC_WARN_64_TO_32_BIT_CONVERSION = YES;
				GCC_WARN_ABOUT_RETURN_TYPE = YES_ERROR;
				GCC_WARN_UNDECLARED_SELECTOR = YES;
				GCC_WARN_UNINITIALIZED_AUTOS = YES_AGGRESSIVE;
				GCC_WARN_UNUSED_FUNCTION = YES;
				GCC_WARN_UNUSED_VARIABLE = YES;
				IPHONEOS_DEPLOYMENT_TARGET = 16.4;
				MTL_ENABLE_DEBUG_INFO = INCLUDE_SOURCE;
				MTL_FAST_MATH = YES;
				ONLY_ACTIVE_ARCH = YES;
				SDKROOT = iphoneos;
				SWIFT_ACTIVE_COMPILATION_CONDITIONS = DEBUG;
				SWIFT_OPTIMIZATION_LEVEL = "-Onone";
			};
			name = Debug;
		};
		2C7F70D229EFE1860006D114 /* Release */ = {
			isa = XCBuildConfiguration;
			buildSettings = {
				ALWAYS_SEARCH_USER_PATHS = NO;
				CLANG_ANALYZER_NONNULL = YES;
				CLANG_ANALYZER_NUMBER_OBJECT_CONVERSION = YES_AGGRESSIVE;
				CLANG_CXX_LANGUAGE_STANDARD = "gnu++20";
				CLANG_ENABLE_MODULES = YES;
				CLANG_ENABLE_OBJC_ARC = YES;
				CLANG_ENABLE_OBJC_WEAK = YES;
				CLANG_WARN_BLOCK_CAPTURE_AUTORELEASING = YES;
				CLANG_WARN_BOOL_CONVERSION = YES;
				CLANG_WARN_COMMA = YES;
				CLANG_WARN_CONSTANT_CONVERSION = YES;
				CLANG_WARN_DEPRECATED_OBJC_IMPLEMENTATIONS = YES;
				CLANG_WARN_DIRECT_OBJC_ISA_USAGE = YES_ERROR;
				CLANG_WARN_DOCUMENTATION_COMMENTS = YES;
				CLANG_WARN_EMPTY_BODY = YES;
				CLANG_WARN_ENUM_CONVERSION = YES;
				CLANG_WARN_INFINITE_RECURSION = YES;
				CLANG_WARN_INT_CONVERSION = YES;
				CLANG_WARN_NON_LITERAL_NULL_CONVERSION = YES;
				CLANG_WARN_OBJC_IMPLICIT_RETAIN_SELF = YES;
				CLANG_WARN_OBJC_LITERAL_CONVERSION = YES;
				CLANG_WARN_OBJC_ROOT_CLASS = YES_ERROR;
				CLANG_WARN_QUOTED_INCLUDE_IN_FRAMEWORK_HEADER = YES;
				CLANG_WARN_RANGE_LOOP_ANALYSIS = YES;
				CLANG_WARN_STRICT_PROTOTYPES = YES;
				CLANG_WARN_SUSPICIOUS_MOVE = YES;
				CLANG_WARN_UNGUARDED_AVAILABILITY = YES_AGGRESSIVE;
				CLANG_WARN_UNREACHABLE_CODE = YES;
				CLANG_WARN__DUPLICATE_METHOD_MATCH = YES;
				COPY_PHASE_STRIP = NO;
				DEBUG_INFORMATION_FORMAT = "dwarf-with-dsym";
				ENABLE_NS_ASSERTIONS = NO;
				ENABLE_STRICT_OBJC_MSGSEND = YES;
				GCC_C_LANGUAGE_STANDARD = gnu11;
				GCC_NO_COMMON_BLOCKS = YES;
				GCC_WARN_64_TO_32_BIT_CONVERSION = YES;
				GCC_WARN_ABOUT_RETURN_TYPE = YES_ERROR;
				GCC_WARN_UNDECLARED_SELECTOR = YES;
				GCC_WARN_UNINITIALIZED_AUTOS = YES_AGGRESSIVE;
				GCC_WARN_UNUSED_FUNCTION = YES;
				GCC_WARN_UNUSED_VARIABLE = YES;
				IPHONEOS_DEPLOYMENT_TARGET = 16.4;
				MTL_ENABLE_DEBUG_INFO = NO;
				MTL_FAST_MATH = YES;
				SDKROOT = iphoneos;
				SWIFT_COMPILATION_MODE = wholemodule;
				SWIFT_OPTIMIZATION_LEVEL = "-O";
				VALIDATE_PRODUCT = YES;
			};
			name = Release;
		};
		2C7F70D429EFE1860006D114 /* Debug */ = {
			isa = XCBuildConfiguration;
			buildSettings = {
				ASSETCATALOG_COMPILER_APPICON_NAME = AppIcon;
				ASSETCATALOG_COMPILER_GLOBAL_ACCENT_COLOR_NAME = AccentColor;
				CODE_SIGN_STYLE = Automatic;
				CURRENT_PROJECT_VERSION = 1;
				DEVELOPMENT_TEAM = VKGAQDGK5R;
				GENERATE_INFOPLIST_FILE = YES;
				INFOPLIST_FILE = "Clean Architecture/Info.plist";
				INFOPLIST_KEY_UIApplicationSupportsIndirectInputEvents = YES;
				INFOPLIST_KEY_UILaunchStoryboardName = LaunchScreen;
				INFOPLIST_KEY_UIMainStoryboardFile = Main;
				INFOPLIST_KEY_UISupportedInterfaceOrientations_iPad = "UIInterfaceOrientationPortrait UIInterfaceOrientationPortraitUpsideDown UIInterfaceOrientationLandscapeLeft UIInterfaceOrientationLandscapeRight";
				INFOPLIST_KEY_UISupportedInterfaceOrientations_iPhone = "UIInterfaceOrientationPortrait UIInterfaceOrientationLandscapeLeft UIInterfaceOrientationLandscapeRight";
				LD_RUNPATH_SEARCH_PATHS = (
					"$(inherited)",
					"@executable_path/Frameworks",
				);
				MARKETING_VERSION = 1.0;
				PRODUCT_BUNDLE_IDENTIFIER = "com.boni.Clean-Architecture";
				PRODUCT_NAME = "$(TARGET_NAME)";
				SWIFT_EMIT_LOC_STRINGS = YES;
				SWIFT_VERSION = 5.0;
				TARGETED_DEVICE_FAMILY = "1,2";
			};
			name = Debug;
		};
		2C7F70D529EFE1860006D114 /* Release */ = {
			isa = XCBuildConfiguration;
			buildSettings = {
				ASSETCATALOG_COMPILER_APPICON_NAME = AppIcon;
				ASSETCATALOG_COMPILER_GLOBAL_ACCENT_COLOR_NAME = AccentColor;
				CODE_SIGN_STYLE = Automatic;
				CURRENT_PROJECT_VERSION = 1;
				DEVELOPMENT_TEAM = VKGAQDGK5R;
				GENERATE_INFOPLIST_FILE = YES;
				INFOPLIST_FILE = "Clean Architecture/Info.plist";
				INFOPLIST_KEY_UIApplicationSupportsIndirectInputEvents = YES;
				INFOPLIST_KEY_UILaunchStoryboardName = LaunchScreen;
				INFOPLIST_KEY_UIMainStoryboardFile = Main;
				INFOPLIST_KEY_UISupportedInterfaceOrientations_iPad = "UIInterfaceOrientationPortrait UIInterfaceOrientationPortraitUpsideDown UIInterfaceOrientationLandscapeLeft UIInterfaceOrientationLandscapeRight";
				INFOPLIST_KEY_UISupportedInterfaceOrientations_iPhone = "UIInterfaceOrientationPortrait UIInterfaceOrientationLandscapeLeft UIInterfaceOrientationLandscapeRight";
				LD_RUNPATH_SEARCH_PATHS = (
					"$(inherited)",
					"@executable_path/Frameworks",
				);
				MARKETING_VERSION = 1.0;
				PRODUCT_BUNDLE_IDENTIFIER = "com.boni.Clean-Architecture";
				PRODUCT_NAME = "$(TARGET_NAME)";
				SWIFT_EMIT_LOC_STRINGS = YES;
				SWIFT_VERSION = 5.0;
				TARGETED_DEVICE_FAMILY = "1,2";
			};
			name = Release;
		};
/* End XCBuildConfiguration section */

/* Begin XCConfigurationList section */
		2C7F70BA29EFE1850006D114 /* Build configuration list for PBXProject "Clean Architecture" */ = {
			isa = XCConfigurationList;
			buildConfigurations = (
				2C7F70D129EFE1860006D114 /* Debug */,
				2C7F70D229EFE1860006D114 /* Release */,
			);
			defaultConfigurationIsVisible = 0;
			defaultConfigurationName = Release;
		};
		2C7F70D329EFE1860006D114 /* Build configuration list for PBXNativeTarget "Clean Architecture" */ = {
			isa = XCConfigurationList;
			buildConfigurations = (
				2C7F70D429EFE1860006D114 /* Debug */,
				2C7F70D529EFE1860006D114 /* Release */,
			);
			defaultConfigurationIsVisible = 0;
			defaultConfigurationName = Release;
		};
/* End XCConfigurationList section */
	};
	rootObject = 2C7F70B729EFE1850006D114 /* Project object */;
}
